
Microsoft Visual Studio Solution File, Format Version 12.00
# Visual Studio Version 16
VisualStudioVersion = 16.0.30225.117
MinimumVisualStudioVersion = 10.0.40219.1
Project("{FAE04EC0-301F-11D3-BF4B-00C04F79EFBC}") = "ServerPart", "ServerPart\ServerPart.csproj", "{226D9661-C1D2-443C-84C0-2233E626E6C5}"
EndProject
Project("{FAE04EC0-301F-11D3-BF4B-00C04F79EFBC}") = "ServerPart.Data", "ServerPart.Data\ServerPart.Data.csproj", "{D2E9B3BB-5721-4888-B84D-3D30313FAC4B}"
EndProject
Project("{FAE04EC0-301F-11D3-BF4B-00C04F79EFBC}") = "ServerPart.Logic", "ServerPart.Logic\ServerPart.Logic.csproj", "{864D1B21-D8A8-4C06-AE6F-D0D41EF192C2}"
EndProject
Global
	GlobalSection(SolutionConfigurationPlatforms) = preSolution
		Debug|Any CPU = Debug|Any CPU
		Release|Any CPU = Release|Any CPU
	EndGlobalSection
	GlobalSection(ProjectConfigurationPlatforms) = postSolution
		{226D9661-C1D2-443C-84C0-2233E626E6C5}.Debug|Any CPU.ActiveCfg = Debug|Any CPU
		{226D9661-C1D2-443C-84C0-2233E626E6C5}.Debug|Any CPU.Build.0 = Debug|Any CPU
		{226D9661-C1D2-443C-84C0-2233E626E6C5}.Release|Any CPU.ActiveCfg = Release|Any CPU
		{226D9661-C1D2-443C-84C0-2233E626E6C5}.Release|Any CPU.Build.0 = Release|Any CPU
		{D2E9B3BB-5721-4888-B84D-3D30313FAC4B}.Debug|Any CPU.ActiveCfg = Debug|Any CPU
		{D2E9B3BB-5721-4888-B84D-3D30313FAC4B}.Debug|Any CPU.Build.0 = Debug|Any CPU
		{D2E9B3BB-5721-4888-B84D-3D30313FAC4B}.Release|Any CPU.ActiveCfg = Release|Any CPU
		{D2E9B3BB-5721-4888-B84D-3D30313FAC4B}.Release|Any CPU.Build.0 = Release|Any CPU
		{864D1B21-D8A8-4C06-AE6F-D0D41EF192C2}.Debug|Any CPU.ActiveCfg = Debug|Any CPU
		{864D1B21-D8A8-4C06-AE6F-D0D41EF192C2}.Debug|Any CPU.Build.0 = Debug|Any CPU
		{864D1B21-D8A8-4C06-AE6F-D0D41EF192C2}.Release|Any CPU.ActiveCfg = Release|Any CPU
		{864D1B21-D8A8-4C06-AE6F-D0D41EF192C2}.Release|Any CPU.Build.0 = Release|Any CPU
	EndGlobalSection
	GlobalSection(SolutionProperties) = preSolution
		HideSolutionNode = FALSE
	EndGlobalSection
	GlobalSection(ExtensibilityGlobals) = postSolution
		SolutionGuid = {3D1448C7-BA9A-4B88-A7D5-DB981262D69D}
	EndGlobalSection
EndGlobal
